// !$*UTF8*$!
{
	archiveVersion = 1;
	classes = {
	};
	objectVersion = 50;
	objects = {

/* Begin PBXBuildFile section */
		5194B8142148443D00FEBD4F /* AppDelegate.swift in Sources */ = {isa = PBXBuildFile; fileRef = 5194B8132148443D00FEBD4F /* AppDelegate.swift */; };
		5194B8162148443D00FEBD4F /* MovieListViewController.swift in Sources */ = {isa = PBXBuildFile; fileRef = 5194B8152148443D00FEBD4F /* MovieListViewController.swift */; };
		5194B81B2148443E00FEBD4F /* Assets.xcassets in Resources */ = {isa = PBXBuildFile; fileRef = 5194B81A2148443E00FEBD4F /* Assets.xcassets */; };
		5194B81E2148443E00FEBD4F /* LaunchScreen.storyboard in Resources */ = {isa = PBXBuildFile; fileRef = 5194B81C2148443E00FEBD4F /* LaunchScreen.storyboard */; };
		5194B8292148443E00FEBD4F /* MovieDatabaseTests.swift in Sources */ = {isa = PBXBuildFile; fileRef = 5194B8282148443E00FEBD4F /* MovieDatabaseTests.swift */; };
		5194B8342148443E00FEBD4F /* MovieDatabaseUITests.swift in Sources */ = {isa = PBXBuildFile; fileRef = 5194B8332148443E00FEBD4F /* MovieDatabaseUITests.swift */; };
		5194B8442148457D00FEBD4F /* Movie.swift in Sources */ = {isa = PBXBuildFile; fileRef = 5194B8432148457D00FEBD4F /* Movie.swift */; };
		5194B8462148459A00FEBD4F /* Actor.swift in Sources */ = {isa = PBXBuildFile; fileRef = 5194B8452148459A00FEBD4F /* Actor.swift */; };
		5194B848214845BB00FEBD4F /* DataManager.swift in Sources */ = {isa = PBXBuildFile; fileRef = 5194B847214845BB00FEBD4F /* DataManager.swift */; };
		5194B84D2148488100FEBD4F /* SnapKit.framework in Frameworks */ = {isa = PBXBuildFile; fileRef = 5194B84B2148488100FEBD4F /* SnapKit.framework */; };
		5194B84E2148488100FEBD4F /* SDWebImage.framework in Frameworks */ = {isa = PBXBuildFile; fileRef = 5194B84C2148488100FEBD4F /* SDWebImage.framework */; };
		5194B850214848F500FEBD4F /* MovieDetailsViewController.swift in Sources */ = {isa = PBXBuildFile; fileRef = 5194B84F214848F500FEBD4F /* MovieDetailsViewController.swift */; };
/* End PBXBuildFile section */

/* Begin PBXContainerItemProxy section */
		5194B8252148443E00FEBD4F /* PBXContainerItemProxy */ = {
			isa = PBXContainerItemProxy;
			containerPortal = 5194B8082148443D00FEBD4F /* Project object */;
			proxyType = 1;
			remoteGlobalIDString = 5194B80F2148443D00FEBD4F;
			remoteInfo = MovieDatabase;
		};
		5194B8302148443E00FEBD4F /* PBXContainerItemProxy */ = {
			isa = PBXContainerItemProxy;
			containerPortal = 5194B8082148443D00FEBD4F /* Project object */;
			proxyType = 1;
			remoteGlobalIDString = 5194B80F2148443D00FEBD4F;
			remoteInfo = MovieDatabase;
		};
/* End PBXContainerItemProxy section */

/* Begin PBXFileReference section */
		5194B8102148443D00FEBD4F /* MovieDatabase.app */ = {isa = PBXFileReference; explicitFileType = wrapper.application; includeInIndex = 0; path = MovieDatabase.app; sourceTree = BUILT_PRODUCTS_DIR; };
		5194B8132148443D00FEBD4F /* AppDelegate.swift */ = {isa = PBXFileReference; lastKnownFileType = sourcecode.swift; path = AppDelegate.swift; sourceTree = "<group>"; };
		5194B8152148443D00FEBD4F /* MovieListViewController.swift */ = {isa = PBXFileReference; lastKnownFileType = sourcecode.swift; path = MovieListViewController.swift; sourceTree = "<group>"; };
		5194B81A2148443E00FEBD4F /* Assets.xcassets */ = {isa = PBXFileReference; lastKnownFileType = folder.assetcatalog; path = Assets.xcassets; sourceTree = "<group>"; };
		5194B81D2148443E00FEBD4F /* Base */ = {isa = PBXFileReference; lastKnownFileType = file.storyboard; name = Base; path = Base.lproj/LaunchScreen.storyboard; sourceTree = "<group>"; };
		5194B81F2148443E00FEBD4F /* Info.plist */ = {isa = PBXFileReference; lastKnownFileType = text.plist.xml; path = Info.plist; sourceTree = "<group>"; };
		5194B8242148443E00FEBD4F /* MovieDatabaseTests.xctest */ = {isa = PBXFileReference; explicitFileType = wrapper.cfbundle; includeInIndex = 0; path = MovieDatabaseTests.xctest; sourceTree = BUILT_PRODUCTS_DIR; };
		5194B8282148443E00FEBD4F /* MovieDatabaseTests.swift */ = {isa = PBXFileReference; lastKnownFileType = sourcecode.swift; path = MovieDatabaseTests.swift; sourceTree = "<group>"; };
		5194B82A2148443E00FEBD4F /* Info.plist */ = {isa = PBXFileReference; lastKnownFileType = text.plist.xml; path = Info.plist; sourceTree = "<group>"; };
		5194B82F2148443E00FEBD4F /* MovieDatabaseUITests.xctest */ = {isa = PBXFileReference; explicitFileType = wrapper.cfbundle; includeInIndex = 0; path = MovieDatabaseUITests.xctest; sourceTree = BUILT_PRODUCTS_DIR; };
		5194B8332148443E00FEBD4F /* MovieDatabaseUITests.swift */ = {isa = PBXFileReference; lastKnownFileType = sourcecode.swift; path = MovieDatabaseUITests.swift; sourceTree = "<group>"; };
		5194B8352148443E00FEBD4F /* Info.plist */ = {isa = PBXFileReference; lastKnownFileType = text.plist.xml; path = Info.plist; sourceTree = "<group>"; };
		5194B8432148457D00FEBD4F /* Movie.swift */ = {isa = PBXFileReference; lastKnownFileType = sourcecode.swift; path = Movie.swift; sourceTree = "<group>"; };
		5194B8452148459A00FEBD4F /* Actor.swift */ = {isa = PBXFileReference; lastKnownFileType = sourcecode.swift; path = Actor.swift; sourceTree = "<group>"; };
		5194B847214845BB00FEBD4F /* DataManager.swift */ = {isa = PBXFileReference; lastKnownFileType = sourcecode.swift; path = DataManager.swift; sourceTree = "<group>"; };
		5194B84B2148488100FEBD4F /* SnapKit.framework */ = {isa = PBXFileReference; lastKnownFileType = wrapper.framework; name = SnapKit.framework; path = Carthage/Build/iOS/SnapKit.framework; sourceTree = "<group>"; };
		5194B84C2148488100FEBD4F /* SDWebImage.framework */ = {isa = PBXFileReference; lastKnownFileType = wrapper.framework; name = SDWebImage.framework; path = Carthage/Build/iOS/SDWebImage.framework; sourceTree = "<group>"; };
		5194B84F214848F500FEBD4F /* MovieDetailsViewController.swift */ = {isa = PBXFileReference; lastKnownFileType = sourcecode.swift; path = MovieDetailsViewController.swift; sourceTree = "<group>"; };
/* End PBXFileReference section */

/* Begin PBXFrameworksBuildPhase section */
		5194B80D2148443D00FEBD4F /* Frameworks */ = {
			isa = PBXFrameworksBuildPhase;
			buildActionMask = 2147483647;
			files = (
				5194B84D2148488100FEBD4F /* SnapKit.framework in Frameworks */,
				5194B84E2148488100FEBD4F /* SDWebImage.framework in Frameworks */,
			);
			runOnlyForDeploymentPostprocessing = 0;
		};
		5194B8212148443E00FEBD4F /* Frameworks */ = {
			isa = PBXFrameworksBuildPhase;
			buildActionMask = 2147483647;
			files = (
			);
			runOnlyForDeploymentPostprocessing = 0;
		};
		5194B82C2148443E00FEBD4F /* Frameworks */ = {
			isa = PBXFrameworksBuildPhase;
			buildActionMask = 2147483647;
			files = (
			);
			runOnlyForDeploymentPostprocessing = 0;
		};
/* End PBXFrameworksBuildPhase section */

/* Begin PBXGroup section */
		5194B8072148443D00FEBD4F = {
			isa = PBXGroup;
			children = (
				5194B8122148443D00FEBD4F /* MovieDatabase */,
				5194B8272148443E00FEBD4F /* MovieDatabaseTests */,
				5194B8322148443E00FEBD4F /* MovieDatabaseUITests */,
				5194B8112148443D00FEBD4F /* Products */,
				5194B84A2148488100FEBD4F /* Frameworks */,
			);
			sourceTree = "<group>";
		};
		5194B8112148443D00FEBD4F /* Products */ = {
			isa = PBXGroup;
			children = (
				5194B8102148443D00FEBD4F /* MovieDatabase.app */,
				5194B8242148443E00FEBD4F /* MovieDatabaseTests.xctest */,
				5194B82F2148443E00FEBD4F /* MovieDatabaseUITests.xctest */,
			);
			name = Products;
			sourceTree = "<group>";
		};
		5194B8122148443D00FEBD4F /* MovieDatabase */ = {
			isa = PBXGroup;
			children = (
				5194B8132148443D00FEBD4F /* AppDelegate.swift */,
				5194B8152148443D00FEBD4F /* MovieListViewController.swift */,
				5194B84F214848F500FEBD4F /* MovieDetailsViewController.swift */,
				5194B849214845C000FEBD4F /* Models */,
				5194B847214845BB00FEBD4F /* DataManager.swift */,
				5194B81A2148443E00FEBD4F /* Assets.xcassets */,
				5194B81C2148443E00FEBD4F /* LaunchScreen.storyboard */,
				5194B81F2148443E00FEBD4F /* Info.plist */,
			);
			path = MovieDatabase;
			sourceTree = "<group>";
		};
		5194B8272148443E00FEBD4F /* MovieDatabaseTests */ = {
			isa = PBXGroup;
			children = (
				5194B8282148443E00FEBD4F /* MovieDatabaseTests.swift */,
				5194B82A2148443E00FEBD4F /* Info.plist */,
			);
			path = MovieDatabaseTests;
			sourceTree = "<group>";
		};
		5194B8322148443E00FEBD4F /* MovieDatabaseUITests */ = {
			isa = PBXGroup;
			children = (
				5194B8332148443E00FEBD4F /* MovieDatabaseUITests.swift */,
				5194B8352148443E00FEBD4F /* Info.plist */,
			);
			path = MovieDatabaseUITests;
			sourceTree = "<group>";
		};
		5194B849214845C000FEBD4F /* Models */ = {
			isa = PBXGroup;
			children = (
				5194B8432148457D00FEBD4F /* Movie.swift */,
				5194B8452148459A00FEBD4F /* Actor.swift */,
			);
			path = Models;
			sourceTree = "<group>";
		};
		5194B84A2148488100FEBD4F /* Frameworks */ = {
			isa = PBXGroup;
			children = (
				5194B84C2148488100FEBD4F /* SDWebImage.framework */,
				5194B84B2148488100FEBD4F /* SnapKit.framework */,
			);
			name = Frameworks;
			sourceTree = "<group>";
		};
/* End PBXGroup section */

/* Begin PBXNativeTarget section */
		5194B80F2148443D00FEBD4F /* MovieDatabase */ = {
			isa = PBXNativeTarget;
			buildConfigurationList = 5194B8382148443E00FEBD4F /* Build configuration list for PBXNativeTarget "MovieDatabase" */;
			buildPhases = (
				5194B80C2148443D00FEBD4F /* Sources */,
				5194B80D2148443D00FEBD4F /* Frameworks */,
				5194B80E2148443D00FEBD4F /* Resources */,
				5194B841214844C900FEBD4F /* SwiftLint */,
				5194B842214844D100FEBD4F /* Carthage */,
			);
			buildRules = (
			);
			dependencies = (
			);
			name = MovieDatabase;
			productName = MovieDatabase;
			productReference = 5194B8102148443D00FEBD4F /* MovieDatabase.app */;
			productType = "com.apple.product-type.application";
		};
		5194B8232148443E00FEBD4F /* MovieDatabaseTests */ = {
			isa = PBXNativeTarget;
			buildConfigurationList = 5194B83B2148443E00FEBD4F /* Build configuration list for PBXNativeTarget "MovieDatabaseTests" */;
			buildPhases = (
				5194B8202148443E00FEBD4F /* Sources */,
				5194B8212148443E00FEBD4F /* Frameworks */,
				5194B8222148443E00FEBD4F /* Resources */,
			);
			buildRules = (
			);
			dependencies = (
				5194B8262148443E00FEBD4F /* PBXTargetDependency */,
			);
			name = MovieDatabaseTests;
			productName = MovieDatabaseTests;
			productReference = 5194B8242148443E00FEBD4F /* MovieDatabaseTests.xctest */;
			productType = "com.apple.product-type.bundle.unit-test";
		};
		5194B82E2148443E00FEBD4F /* MovieDatabaseUITests */ = {
			isa = PBXNativeTarget;
			buildConfigurationList = 5194B83E2148443E00FEBD4F /* Build configuration list for PBXNativeTarget "MovieDatabaseUITests" */;
			buildPhases = (
				5194B82B2148443E00FEBD4F /* Sources */,
				5194B82C2148443E00FEBD4F /* Frameworks */,
				5194B82D2148443E00FEBD4F /* Resources */,
			);
			buildRules = (
			);
			dependencies = (
				5194B8312148443E00FEBD4F /* PBXTargetDependency */,
			);
			name = MovieDatabaseUITests;
			productName = MovieDatabaseUITests;
			productReference = 5194B82F2148443E00FEBD4F /* MovieDatabaseUITests.xctest */;
			productType = "com.apple.product-type.bundle.ui-testing";
		};
/* End PBXNativeTarget section */

/* Begin PBXProject section */
		5194B8082148443D00FEBD4F /* Project object */ = {
			isa = PBXProject;
			attributes = {
				LastSwiftUpdateCheck = 0940;
				LastUpgradeCheck = 0940;
				ORGANIZATIONNAME = "Trifork A/S";
				TargetAttributes = {
					5194B80F2148443D00FEBD4F = {
						CreatedOnToolsVersion = 9.4;
					};
					5194B8232148443E00FEBD4F = {
						CreatedOnToolsVersion = 9.4;
						TestTargetID = 5194B80F2148443D00FEBD4F;
					};
					5194B82E2148443E00FEBD4F = {
						CreatedOnToolsVersion = 9.4;
						TestTargetID = 5194B80F2148443D00FEBD4F;
					};
				};
			};
			buildConfigurationList = 5194B80B2148443D00FEBD4F /* Build configuration list for PBXProject "MovieDatabase" */;
			compatibilityVersion = "Xcode 9.3";
			developmentRegion = en;
			hasScannedForEncodings = 0;
			knownRegions = (
				en,
				Base,
			);
			mainGroup = 5194B8072148443D00FEBD4F;
			productRefGroup = 5194B8112148443D00FEBD4F /* Products */;
			projectDirPath = "";
			projectRoot = "";
			targets = (
				5194B80F2148443D00FEBD4F /* MovieDatabase */,
				5194B8232148443E00FEBD4F /* MovieDatabaseTests */,
				5194B82E2148443E00FEBD4F /* MovieDatabaseUITests */,
			);
		};
/* End PBXProject section */

/* Begin PBXResourcesBuildPhase section */
		5194B80E2148443D00FEBD4F /* Resources */ = {
			isa = PBXResourcesBuildPhase;
			buildActionMask = 2147483647;
			files = (
				5194B81E2148443E00FEBD4F /* LaunchScreen.storyboard in Resources */,
				5194B81B2148443E00FEBD4F /* Assets.xcassets in Resources */,
			);
			runOnlyForDeploymentPostprocessing = 0;
		};
		5194B8222148443E00FEBD4F /* Resources */ = {
			isa = PBXResourcesBuildPhase;
			buildActionMask = 2147483647;
			files = (
			);
			runOnlyForDeploymentPostprocessing = 0;
		};
		5194B82D2148443E00FEBD4F /* Resources */ = {
			isa = PBXResourcesBuildPhase;
			buildActionMask = 2147483647;
			files = (
			);
			runOnlyForDeploymentPostprocessing = 0;
		};
/* End PBXResourcesBuildPhase section */

/* Begin PBXShellScriptBuildPhase section */
		5194B841214844C900FEBD4F /* SwiftLint */ = {
			isa = PBXShellScriptBuildPhase;
			buildActionMask = 2147483647;
			files = (
			);
			inputPaths = (
			);
			name = SwiftLint;
			outputPaths = (
			);
			runOnlyForDeploymentPostprocessing = 0;
			shellPath = /bin/sh;
			shellScript = "if which swiftlint >/dev/null; then\nswiftlint\nelse\necho \"warning: SwiftLint not installed, download from https://github.com/realm/SwiftLint\"\nfi";
		};
		5194B842214844D100FEBD4F /* Carthage */ = {
			isa = PBXShellScriptBuildPhase;
			buildActionMask = 2147483647;
			files = (
			);
			inputPaths = (
				"$(SRCROOT)/Carthage/Build/iOS/SnapKit.framework",
				"$(SRCROOT)/Carthage/Build/iOS/SDWebImage.framework",
			);
			name = Carthage;
			outputPaths = (
				"$(BUILT_PRODUCTS_DIR)/$(FRAMEWORKS_FOLDER_PATH)/SnapKit.framework",
				"$(BUILT_PRODUCTS_DIR)/$(FRAMEWORKS_FOLDER_PATH)/SDWebImage.framework",
			);
			runOnlyForDeploymentPostprocessing = 0;
			shellPath = /bin/sh;
			shellScript = "/usr/local/bin/carthage copy-frameworks";
		};
/* End PBXShellScriptBuildPhase section */

/* Begin PBXSourcesBuildPhase section */
		5194B80C2148443D00FEBD4F /* Sources */ = {
			isa = PBXSourcesBuildPhase;
			buildActionMask = 2147483647;
			files = (
				5194B8162148443D00FEBD4F /* MovieListViewController.swift in Sources */,
				5194B848214845BB00FEBD4F /* DataManager.swift in Sources */,
				5194B850214848F500FEBD4F /* MovieDetailsViewController.swift in Sources */,
				5194B8142148443D00FEBD4F /* AppDelegate.swift in Sources */,
				5194B8442148457D00FEBD4F /* Movie.swift in Sources */,
				5194B8462148459A00FEBD4F /* Actor.swift in Sources */,
			);
			runOnlyForDeploymentPostprocessing = 0;
		};
		5194B8202148443E00FEBD4F /* Sources */ = {
			isa = PBXSourcesBuildPhase;
			buildActionMask = 2147483647;
			files = (
				5194B8292148443E00FEBD4F /* MovieDatabaseTests.swift in Sources */,
			);
			runOnlyForDeploymentPostprocessing = 0;
		};
		5194B82B2148443E00FEBD4F /* Sources */ = {
			isa = PBXSourcesBuildPhase;
			buildActionMask = 2147483647;
			files = (
				5194B8342148443E00FEBD4F /* MovieDatabaseUITests.swift in Sources */,
			);
			runOnlyForDeploymentPostprocessing = 0;
		};
/* End PBXSourcesBuildPhase section */

/* Begin PBXTargetDependency section */
		5194B8262148443E00FEBD4F /* PBXTargetDependency */ = {
			isa = PBXTargetDependency;
			target = 5194B80F2148443D00FEBD4F /* MovieDatabase */;
			targetProxy = 5194B8252148443E00FEBD4F /* PBXContainerItemProxy */;
		};
		5194B8312148443E00FEBD4F /* PBXTargetDependency */ = {
			isa = PBXTargetDependency;
			target = 5194B80F2148443D00FEBD4F /* MovieDatabase */;
			targetProxy = 5194B8302148443E00FEBD4F /* PBXContainerItemProxy */;
		};
/* End PBXTargetDependency section */

/* Begin PBXVariantGroup section */
		5194B81C2148443E00FEBD4F /* LaunchScreen.storyboard */ = {
			isa = PBXVariantGroup;
			children = (
				5194B81D2148443E00FEBD4F /* Base */,
			);
			name = LaunchScreen.storyboard;
			sourceTree = "<group>";
		};
/* End PBXVariantGroup section */

/* Begin XCBuildConfiguration section */
		5194B8362148443E00FEBD4F /* Debug */ = {
			isa = XCBuildConfiguration;
			buildSettings = {
				ALWAYS_SEARCH_USER_PATHS = NO;
				CLANG_ANALYZER_NONNULL = YES;
				CLANG_ANALYZER_NUMBER_OBJECT_CONVERSION = YES_AGGRESSIVE;
				CLANG_CXX_LANGUAGE_STANDARD = "gnu++14";
				CLANG_CXX_LIBRARY = "libc++";
				CLANG_ENABLE_MODULES = YES;
				CLANG_ENABLE_OBJC_ARC = YES;
				CLANG_ENABLE_OBJC_WEAK = YES;
				CLANG_WARN_BLOCK_CAPTURE_AUTORELEASING = YES;
				CLANG_WARN_BOOL_CONVERSION = YES;
				CLANG_WARN_COMMA = YES;
				CLANG_WARN_CONSTANT_CONVERSION = YES;
				CLANG_WARN_DEPRECATED_OBJC_IMPLEMENTATIONS = YES;
				CLANG_WARN_DIRECT_OBJC_ISA_USAGE = YES_ERROR;
				CLANG_WARN_DOCUMENTATION_COMMENTS = YES;
				CLANG_WARN_EMPTY_BODY = YES;
				CLANG_WARN_ENUM_CONVERSION = YES;
				CLANG_WARN_INFINITE_RECURSION = YES;
				CLANG_WARN_INT_CONVERSION = YES;
				CLANG_WARN_NON_LITERAL_NULL_CONVERSION = YES;
				CLANG_WARN_OBJC_IMPLICIT_RETAIN_SELF = YES;
				CLANG_WARN_OBJC_LITERAL_CONVERSION = YES;
				CLANG_WARN_OBJC_ROOT_CLASS = YES_ERROR;
				CLANG_WARN_RANGE_LOOP_ANALYSIS = YES;
				CLANG_WARN_STRICT_PROTOTYPES = YES;
				CLANG_WARN_SUSPICIOUS_MOVE = YES;
				CLANG_WARN_UNGUARDED_AVAILABILITY = YES_AGGRESSIVE;
				CLANG_WARN_UNREACHABLE_CODE = YES;
				CLANG_WARN__DUPLICATE_METHOD_MATCH = YES;
				CODE_SIGN_IDENTITY = "iPhone Developer";
				COPY_PHASE_STRIP = NO;
				DEBUG_INFORMATION_FORMAT = dwarf;
				ENABLE_STRICT_OBJC_MSGSEND = YES;
				ENABLE_TESTABILITY = YES;
				GCC_C_LANGUAGE_STANDARD = gnu11;
				GCC_DYNAMIC_NO_PIC = NO;
				GCC_NO_COMMON_BLOCKS = YES;
				GCC_OPTIMIZATION_LEVEL = 0;
				GCC_PREPROCESSOR_DEFINITIONS = (
					"DEBUG=1",
					"$(inherited)",
				);
				GCC_WARN_64_TO_32_BIT_CONVERSION = YES;
				GCC_WARN_ABOUT_RETURN_TYPE = YES_ERROR;
				GCC_WARN_UNDECLARED_SELECTOR = YES;
				GCC_WARN_UNINITIALIZED_AUTOS = YES_AGGRESSIVE;
				GCC_WARN_UNUSED_FUNCTION = YES;
				GCC_WARN_UNUSED_VARIABLE = YES;
				IPHONEOS_DEPLOYMENT_TARGET = 11.4;
				MTL_ENABLE_DEBUG_INFO = YES;
				ONLY_ACTIVE_ARCH = YES;
				SDKROOT = iphoneos;
				SWIFT_ACTIVE_COMPILATION_CONDITIONS = DEBUG;
				SWIFT_OPTIMIZATION_LEVEL = "-Onone";
			};
			name = Debug;
		};
		5194B8372148443E00FEBD4F /* Release */ = {
			isa = XCBuildConfiguration;
			buildSettings = {
				ALWAYS_SEARCH_USER_PATHS = NO;
				CLANG_ANALYZER_NONNULL = YES;
				CLANG_ANALYZER_NUMBER_OBJECT_CONVERSION = YES_AGGRESSIVE;
				CLANG_CXX_LANGUAGE_STANDARD = "gnu++14";
				CLANG_CXX_LIBRARY = "libc++";
				CLANG_ENABLE_MODULES = YES;
				CLANG_ENABLE_OBJC_ARC = YES;
				CLANG_ENABLE_OBJC_WEAK = YES;
				CLANG_WARN_BLOCK_CAPTURE_AUTORELEASING = YES;
				CLANG_WARN_BOOL_CONVERSION = YES;
				CLANG_WARN_COMMA = YES;
				CLANG_WARN_CONSTANT_CONVERSION = YES;
				CLANG_WARN_DEPRECATED_OBJC_IMPLEMENTATIONS = YES;
				CLANG_WARN_DIRECT_OBJC_ISA_USAGE = YES_ERROR;
				CLANG_WARN_DOCUMENTATION_COMMENTS = YES;
				CLANG_WARN_EMPTY_BODY = YES;
				CLANG_WARN_ENUM_CONVERSION = YES;
				CLANG_WARN_INFINITE_RECURSION = YES;
				CLANG_WARN_INT_CONVERSION = YES;
				CLANG_WARN_NON_LITERAL_NULL_CONVERSION = YES;
				CLANG_WARN_OBJC_IMPLICIT_RETAIN_SELF = YES;
				CLANG_WARN_OBJC_LITERAL_CONVERSION = YES;
				CLANG_WARN_OBJC_ROOT_CLASS = YES_ERROR;
				CLANG_WARN_RANGE_LOOP_ANALYSIS = YES;
				CLANG_WARN_STRICT_PROTOTYPES = YES;
				CLANG_WARN_SUSPICIOUS_MOVE = YES;
				CLANG_WARN_UNGUARDED_AVAILABILITY = YES_AGGRESSIVE;
				CLANG_WARN_UNREACHABLE_CODE = YES;
				CLANG_WARN__DUPLICATE_METHOD_MATCH = YES;
				CODE_SIGN_IDENTITY = "iPhone Developer";
				COPY_PHASE_STRIP = NO;
				DEBUG_INFORMATION_FORMAT = "dwarf-with-dsym";
				ENABLE_NS_ASSERTIONS = NO;
				ENABLE_STRICT_OBJC_MSGSEND = YES;
				GCC_C_LANGUAGE_STANDARD = gnu11;
				GCC_NO_COMMON_BLOCKS = YES;
				GCC_WARN_64_TO_32_BIT_CONVERSION = YES;
				GCC_WARN_ABOUT_RETURN_TYPE = YES_ERROR;
				GCC_WARN_UNDECLARED_SELECTOR = YES;
				GCC_WARN_UNINITIALIZED_AUTOS = YES_AGGRESSIVE;
				GCC_WARN_UNUSED_FUNCTION = YES;
				GCC_WARN_UNUSED_VARIABLE = YES;
				IPHONEOS_DEPLOYMENT_TARGET = 11.4;
				MTL_ENABLE_DEBUG_INFO = NO;
				SDKROOT = iphoneos;
				SWIFT_COMPILATION_MODE = wholemodule;
				SWIFT_OPTIMIZATION_LEVEL = "-O";
				VALIDATE_PRODUCT = YES;
			};
			name = Release;
		};
		5194B8392148443E00FEBD4F /* Debug */ = {
			isa = XCBuildConfiguration;
			buildSettings = {
				ASSETCATALOG_COMPILER_APPICON_NAME = AppIcon;
				CODE_SIGN_STYLE = Manual;
				DEVELOPMENT_TEAM = "";
				FRAMEWORK_SEARCH_PATHS = (
					"$(inherited)",
					"$(PROJECT_DIR)/Carthage/Build/iOS",
				);
				INFOPLIST_FILE = MovieDatabase/Info.plist;
				LD_RUNPATH_SEARCH_PATHS = (
					"$(inherited)",
					"@executable_path/Frameworks",
				);
				PRODUCT_BUNDLE_IDENTIFIER = com.trifork.MovieDatabase;
				PRODUCT_NAME = "$(TARGET_NAME)";
				PROVISIONING_PROFILE_SPECIFIER = "";
				SWIFT_VERSION = 4.0;
				TARGETED_DEVICE_FAMILY = "1,2";
			};
			name = Debug;
		};
		5194B83A2148443E00FEBD4F /* Release */ = {
			isa = XCBuildConfiguration;
			buildSettings = {
				ASSETCATALOG_COMPILER_APPICON_NAME = AppIcon;
				CODE_SIGN_STYLE = Manual;
				DEVELOPMENT_TEAM = "";
				FRAMEWORK_SEARCH_PATHS = (
					"$(inherited)",
					"$(PROJECT_DIR)/Carthage/Build/iOS",
				);
				INFOPLIST_FILE = MovieDatabase/Info.plist;
				LD_RUNPATH_SEARCH_PATHS = (
					"$(inherited)",
					"@executable_path/Frameworks",
				);
				PRODUCT_BUNDLE_IDENTIFIER = com.trifork.MovieDatabase;
				PRODUCT_NAME = "$(TARGET_NAME)";
				PROVISIONING_PROFILE_SPECIFIER = "";
				SWIFT_VERSION = 4.0;
				TARGETED_DEVICE_FAMILY = "1,2";
			};
			name = Release;
		};
		5194B83C2148443E00FEBD4F /* Debug */ = {
			isa = XCBuildConfiguration;
			buildSettings = {
				ALWAYS_EMBED_SWIFT_STANDARD_LIBRARIES = YES;
				BUNDLE_LOADER = "$(TEST_HOST)";
				CODE_SIGN_STYLE = Automatic;
				DEVELOPMENT_TEAM = ZZGMPFLA2F;
				INFOPLIST_FILE = MovieDatabaseTests/Info.plist;
				LD_RUNPATH_SEARCH_PATHS = (
					"$(inherited)",
					"@executable_path/Frameworks",
					"@loader_path/Frameworks",
				);
				PRODUCT_BUNDLE_IDENTIFIER = com.trifork.MovieDatabaseTests;
				PRODUCT_NAME = "$(TARGET_NAME)";
				SWIFT_VERSION = 4.0;
				TARGETED_DEVICE_FAMILY = "1,2";
				TEST_HOST = "$(BUILT_PRODUCTS_DIR)/MovieDatabase.app/MovieDatabase";
			};
			name = Debug;
		};
		5194B83D2148443E00FEBD4F /* Release */ = {
			isa = XCBuildConfiguration;
			buildSettings = {
				ALWAYS_EMBED_SWIFT_STANDARD_LIBRARIES = YES;
				BUNDLE_LOADER = "$(TEST_HOST)";
				CODE_SIGN_STYLE = Automatic;
				DEVELOPMENT_TEAM = ZZGMPFLA2F;
				INFOPLIST_FILE = MovieDatabaseTests/Info.plist;
				LD_RUNPATH_SEARCH_PATHS = (
					"$(inherited)",
					"@executable_path/Frameworks",
					"@loader_path/Frameworks",
				);
				PRODUCT_BUNDLE_IDENTIFIER = com.trifork.MovieDatabaseTests;
				PRODUCT_NAME = "$(TARGET_NAME)";
				SWIFT_VERSION = 4.0;
				TARGETED_DEVICE_FAMILY = "1,2";
				TEST_HOST = "$(BUILT_PRODUCTS_DIR)/MovieDatabase.app/MovieDatabase";
			};
			name = Release;
		};
		5194B83F2148443E00FEBD4F /* Debug */ = {
			isa = XCBuildConfiguration;
			buildSettings = {
				ALWAYS_EMBED_SWIFT_STANDARD_LIBRARIES = YES;
				CODE_SIGN_STYLE = Automatic;
				DEVELOPMENT_TEAM = ZZGMPFLA2F;
				INFOPLIST_FILE = MovieDatabaseUITests/Info.plist;
				LD_RUNPATH_SEARCH_PATHS = (
					"$(inherited)",
					"@executable_path/Frameworks",
					"@loader_path/Frameworks",
				);
				PRODUCT_BUNDLE_IDENTIFIER = com.trifork.MovieDatabaseUITests;
				PRODUCT_NAME = "$(TARGET_NAME)";
				SWIFT_VERSION = 4.0;
				TARGETED_DEVICE_FAMILY = "1,2";
				TEST_TARGET_NAME = MovieDatabase;
			};
			name = Debug;
		};
		5194B8402148443E00FEBD4F /* Release */ = {
			isa = XCBuildConfiguration;
			buildSettings = {
				ALWAYS_EMBED_SWIFT_STANDARD_LIBRARIES = YES;
				CODE_SIGN_STYLE = Automatic;
				DEVELOPMENT_TEAM = ZZGMPFLA2F;
				INFOPLIST_FILE = MovieDatabaseUITests/Info.plist;
				LD_RUNPATH_SEARCH_PATHS = (
					"$(inherited)",
					"@executable_path/Frameworks",
					"@loader_path/Frameworks",
				);
				PRODUCT_BUNDLE_IDENTIFIER = com.trifork.MovieDatabaseUITests;
				PRODUCT_NAME = "$(TARGET_NAME)";
				SWIFT_VERSION = 4.0;
				TARGETED_DEVICE_FAMILY = "1,2";
				TEST_TARGET_NAME = MovieDatabase;
			};
			name = Release;
		};
/* End XCBuildConfiguration section */

/* Begin XCConfigurationList section */
		5194B80B2148443D00FEBD4F /* Build configuration list for PBXProject "MovieDatabase" */ = {
			isa = XCConfigurationList;
			buildConfigurations = (
				5194B8362148443E00FEBD4F /* Debug */,
				5194B8372148443E00FEBD4F /* Release */,
			);
			defaultConfigurationIsVisible = 0;
			defaultConfigurationName = Release;
		};
		5194B8382148443E00FEBD4F /* Build configuration list for PBXNativeTarget "MovieDatabase" */ = {
			isa = XCConfigurationList;
			buildConfigurations = (
				5194B8392148443E00FEBD4F /* Debug */,
				5194B83A2148443E00FEBD4F /* Release */,
			);
			defaultConfigurationIsVisible = 0;
			defaultConfigurationName = Release;
		};
		5194B83B2148443E00FEBD4F /* Build configuration list for PBXNativeTarget "MovieDatabaseTests" */ = {
			isa = XCConfigurationList;
			buildConfigurations = (
				5194B83C2148443E00FEBD4F /* Debug */,
				5194B83D2148443E00FEBD4F /* Release */,
			);
			defaultConfigurationIsVisible = 0;
			defaultConfigurationName = Release;
		};
		5194B83E2148443E00FEBD4F /* Build configuration list for PBXNativeTarget "MovieDatabaseUITests" */ = {
			isa = XCConfigurationList;
			buildConfigurations = (
				5194B83F2148443E00FEBD4F /* Debug */,
				5194B8402148443E00FEBD4F /* Release */,
			);
			defaultConfigurationIsVisible = 0;
			defaultConfigurationName = Release;
		};
/* End XCConfigurationList section */
	};
	rootObject = 5194B8082148443D00FEBD4F /* Project object */;
}
